# This file is generated by running "yarn install" inside your project.
# Manual changes might be lost - proceed with caution!

__metadata:
  version: 8
  cacheKey: 10

"prettier@npm:2.8.7":
  version: 2.8.7
  resolution: "prettier@npm:2.8.7"
  bin:
    prettier: bin-prettier.js
  checksum: 5d5acc2015dcd9ae4033c0ea3189820920149137100750c897d384bc9058c79c78af94ca892f3bc7c5b6da0661a50357e8eb9eb455c4c1da156b1d0757f54a8a
  languageName: node
  linkType: hard

"root-workspace-0b6124@workspace:.":
  version: 0.0.0-use.local
  resolution: "root-workspace-0b6124@workspace:."
  dependencies:
    prettier: "npm:2.8.7"
  languageName: unknown
  linkType: soft
